
Microsoft Visual Studio Solution File, Format Version 12.00
Project("{FAE04EC0-301F-11D3-BF4B-00C04F79EFBC}") = "Domain", "Domain\Domain.csproj", "{247741BC-04DE-4E45-997B-C38B8ADF1C60}"
EndProject
Project("{2150E333-8FDC-42A3-9474-1A3956D46DE8}") = "src", "src", "{B8356D26-B491-4001-A549-352238ED3931}"
EndProject
Project("{FAE04EC0-301F-11D3-BF4B-00C04F79EFBC}") = "Application", "Application\Application.csproj", "{F8A4FD0D-AB2F-43C0-9C17-F3F1A00C6250}"
EndProject
Project("{FAE04EC0-301F-11D3-BF4B-00C04F79EFBC}") = "Infrastructure", "Infrastructure\Infrastructure.csproj", "{E1FA5070-F3C0-40EA-AE56-E6833BD3C7AE}"
EndProject
Project("{FAE04EC0-301F-11D3-BF4B-00C04F79EFBC}") = "Api", "Api\Api.csproj", "{045C6596-CEC3-4E16-9640-EB82C543E6A1}"
EndProject
Global
	GlobalSection(SolutionConfigurationPlatforms) = preSolution
		Debug|Any CPU = Debug|Any CPU
		Release|Any CPU = Release|Any CPU
	EndGlobalSection
	GlobalSection(ProjectConfigurationPlatforms) = postSolution
		{247741BC-04DE-4E45-997B-C38B8ADF1C60}.Debug|Any CPU.ActiveCfg = Debug|Any CPU
		{247741BC-04DE-4E45-997B-C38B8ADF1C60}.Debug|Any CPU.Build.0 = Debug|Any CPU
		{247741BC-04DE-4E45-997B-C38B8ADF1C60}.Release|Any CPU.ActiveCfg = Release|Any CPU
		{247741BC-04DE-4E45-997B-C38B8ADF1C60}.Release|Any CPU.Build.0 = Release|Any CPU
		{F8A4FD0D-AB2F-43C0-9C17-F3F1A00C6250}.Debug|Any CPU.ActiveCfg = Debug|Any CPU
		{F8A4FD0D-AB2F-43C0-9C17-F3F1A00C6250}.Debug|Any CPU.Build.0 = Debug|Any CPU
		{F8A4FD0D-AB2F-43C0-9C17-F3F1A00C6250}.Release|Any CPU.ActiveCfg = Release|Any CPU
		{F8A4FD0D-AB2F-43C0-9C17-F3F1A00C6250}.Release|Any CPU.Build.0 = Release|Any CPU
		{E1FA5070-F3C0-40EA-AE56-E6833BD3C7AE}.Debug|Any CPU.ActiveCfg = Debug|Any CPU
		{E1FA5070-F3C0-40EA-AE56-E6833BD3C7AE}.Debug|Any CPU.Build.0 = Debug|Any CPU
		{E1FA5070-F3C0-40EA-AE56-E6833BD3C7AE}.Release|Any CPU.ActiveCfg = Release|Any CPU
		{E1FA5070-F3C0-40EA-AE56-E6833BD3C7AE}.Release|Any CPU.Build.0 = Release|Any CPU
		{045C6596-CEC3-4E16-9640-EB82C543E6A1}.Debug|Any CPU.ActiveCfg = Debug|Any CPU
		{045C6596-CEC3-4E16-9640-EB82C543E6A1}.Debug|Any CPU.Build.0 = Debug|Any CPU
		{045C6596-CEC3-4E16-9640-EB82C543E6A1}.Release|Any CPU.ActiveCfg = Release|Any CPU
		{045C6596-CEC3-4E16-9640-EB82C543E6A1}.Release|Any CPU.Build.0 = Release|Any CPU
	EndGlobalSection
	GlobalSection(NestedProjects) = preSolution
		{247741BC-04DE-4E45-997B-C38B8ADF1C60} = {B8356D26-B491-4001-A549-352238ED3931}
		{F8A4FD0D-AB2F-43C0-9C17-F3F1A00C6250} = {B8356D26-B491-4001-A549-352238ED3931}
		{E1FA5070-F3C0-40EA-AE56-E6833BD3C7AE} = {B8356D26-B491-4001-A549-352238ED3931}
		{045C6596-CEC3-4E16-9640-EB82C543E6A1} = {B8356D26-B491-4001-A549-352238ED3931}
	EndGlobalSection
EndGlobal
